// !$*UTF8*$!
{
	archiveVersion = 1;
	classes = {
	};
	objectVersion = 56;
	objects = {

/* Begin PBXBuildFile section */
		91761D862C5E57B2007E9DD2 /* DogsAPI in Frameworks */ = {isa = PBXBuildFile; productRef = 91761D852C5E57B2007E9DD2 /* DogsAPI */; };
		91761D8B2C600C0E007E9DD2 /* Array+Extensions.swift in Sources */ = {isa = PBXBuildFile; fileRef = 91761D8A2C600C0E007E9DD2 /* Array+Extensions.swift */; };
		91761D8D2C601046007E9DD2 /* SortBy.swift in Sources */ = {isa = PBXBuildFile; fileRef = 91761D8C2C601046007E9DD2 /* SortBy.swift */; };
		91761D8F2C601086007E9DD2 /* ListType.swift in Sources */ = {isa = PBXBuildFile; fileRef = 91761D8E2C601086007E9DD2 /* ListType.swift */; };
		919CAA442C5E419C003A7327 /* UI.swift in Sources */ = {isa = PBXBuildFile; fileRef = 919CAA432C5E419C003A7327 /* UI.swift */; };
		91BEDD782C5A485A000B99F8 /* DogsAppApp.swift in Sources */ = {isa = PBXBuildFile; fileRef = 91BEDD772C5A485A000B99F8 /* DogsAppApp.swift */; };
		91BEDD7A2C5A485A000B99F8 /* BreedsScreen.swift in Sources */ = {isa = PBXBuildFile; fileRef = 91BEDD792C5A485A000B99F8 /* BreedsScreen.swift */; };
		91BEDD7C2C5A485B000B99F8 /* Assets.xcassets in Resources */ = {isa = PBXBuildFile; fileRef = 91BEDD7B2C5A485B000B99F8 /* Assets.xcassets */; };
		91BEDD7F2C5A485B000B99F8 /* Preview Assets.xcassets in Resources */ = {isa = PBXBuildFile; fileRef = 91BEDD7E2C5A485B000B99F8 /* Preview Assets.xcassets */; };
		91BEDD8B2C5A493A000B99F8 /* generateDogsAPI.sh in Resources */ = {isa = PBXBuildFile; fileRef = 91BEDD8A2C5A493A000B99F8 /* generateDogsAPI.sh */; };
		91BEDD992C5A6114000B99F8 /* FetchedBreeds.swift in Sources */ = {isa = PBXBuildFile; fileRef = 91BEDD982C5A6114000B99F8 /* FetchedBreeds.swift */; };
		91BEDD9D2C5A61FA000B99F8 /* BreedCellView.swift in Sources */ = {isa = PBXBuildFile; fileRef = 91BEDD9C2C5A61FA000B99F8 /* BreedCellView.swift */; };
		91BEDD9F2C5A6202000B99F8 /* BreedDetailView.swift in Sources */ = {isa = PBXBuildFile; fileRef = 91BEDD9E2C5A6202000B99F8 /* BreedDetailView.swift */; };
		91BEDDA42C5A7526000B99F8 /* ContentView.swift in Sources */ = {isa = PBXBuildFile; fileRef = 91BEDDA32C5A7526000B99F8 /* ContentView.swift */; };
		91BEDDA72C5A756A000B99F8 /* Router.swift in Sources */ = {isa = PBXBuildFile; fileRef = 91BEDDA62C5A756A000B99F8 /* Router.swift */; };
		91BEDDAA2C5ABBB8000B99F8 /* BreedImageView.swift in Sources */ = {isa = PBXBuildFile; fileRef = 91BEDDA92C5ABBB8000B99F8 /* BreedImageView.swift */; };
/* End PBXBuildFile section */

/* Begin PBXFileReference section */
		91761D842C5E574D007E9DD2 /* DogsAPI */ = {isa = PBXFileReference; lastKnownFileType = wrapper; path = DogsAPI; sourceTree = "<group>"; };
		91761D8A2C600C0E007E9DD2 /* Array+Extensions.swift */ = {isa = PBXFileReference; lastKnownFileType = sourcecode.swift; path = "Array+Extensions.swift"; sourceTree = "<group>"; };
		91761D8C2C601046007E9DD2 /* SortBy.swift */ = {isa = PBXFileReference; lastKnownFileType = sourcecode.swift; path = SortBy.swift; sourceTree = "<group>"; };
		91761D8E2C601086007E9DD2 /* ListType.swift */ = {isa = PBXFileReference; lastKnownFileType = sourcecode.swift; path = ListType.swift; sourceTree = "<group>"; };
		919CAA432C5E419C003A7327 /* UI.swift */ = {isa = PBXFileReference; lastKnownFileType = sourcecode.swift; path = UI.swift; sourceTree = "<group>"; };
		91BEDD742C5A485A000B99F8 /* DogsApp.app */ = {isa = PBXFileReference; explicitFileType = wrapper.application; includeInIndex = 0; path = DogsApp.app; sourceTree = BUILT_PRODUCTS_DIR; };
		91BEDD772C5A485A000B99F8 /* DogsAppApp.swift */ = {isa = PBXFileReference; lastKnownFileType = sourcecode.swift; path = DogsAppApp.swift; sourceTree = "<group>"; };
		91BEDD792C5A485A000B99F8 /* BreedsScreen.swift */ = {isa = PBXFileReference; lastKnownFileType = sourcecode.swift; path = BreedsScreen.swift; sourceTree = "<group>"; };
		91BEDD7B2C5A485B000B99F8 /* Assets.xcassets */ = {isa = PBXFileReference; lastKnownFileType = folder.assetcatalog; path = Assets.xcassets; sourceTree = "<group>"; };
		91BEDD7E2C5A485B000B99F8 /* Preview Assets.xcassets */ = {isa = PBXFileReference; lastKnownFileType = folder.assetcatalog; path = "Preview Assets.xcassets"; sourceTree = "<group>"; };
		91BEDD8A2C5A493A000B99F8 /* generateDogsAPI.sh */ = {isa = PBXFileReference; fileEncoding = 4; lastKnownFileType = text.script.sh; path = generateDogsAPI.sh; sourceTree = "<group>"; };
		91BEDD982C5A6114000B99F8 /* FetchedBreeds.swift */ = {isa = PBXFileReference; lastKnownFileType = sourcecode.swift; path = FetchedBreeds.swift; sourceTree = "<group>"; };
		91BEDD9C2C5A61FA000B99F8 /* BreedCellView.swift */ = {isa = PBXFileReference; lastKnownFileType = sourcecode.swift; path = BreedCellView.swift; sourceTree = "<group>"; };
		91BEDD9E2C5A6202000B99F8 /* BreedDetailView.swift */ = {isa = PBXFileReference; lastKnownFileType = sourcecode.swift; path = BreedDetailView.swift; sourceTree = "<group>"; };
		91BEDDA32C5A7526000B99F8 /* ContentView.swift */ = {isa = PBXFileReference; lastKnownFileType = sourcecode.swift; path = ContentView.swift; sourceTree = "<group>"; };
		91BEDDA62C5A756A000B99F8 /* Router.swift */ = {isa = PBXFileReference; lastKnownFileType = sourcecode.swift; path = Router.swift; sourceTree = "<group>"; };
		91BEDDA92C5ABBB8000B99F8 /* BreedImageView.swift */ = {isa = PBXFileReference; lastKnownFileType = sourcecode.swift; path = BreedImageView.swift; sourceTree = "<group>"; };
/* End PBXFileReference section */

/* Begin PBXFrameworksBuildPhase section */
		91BEDD712C5A485A000B99F8 /* Frameworks */ = {
			isa = PBXFrameworksBuildPhase;
			buildActionMask = 2147483647;
			files = (
				91761D862C5E57B2007E9DD2 /* DogsAPI in Frameworks */,
			);
			runOnlyForDeploymentPostprocessing = 0;
		};
/* End PBXFrameworksBuildPhase section */

/* Begin PBXGroup section */
		91761D892C600BFB007E9DD2 /* Extensions */ = {
			isa = PBXGroup;
			children = (
				91761D8A2C600C0E007E9DD2 /* Array+Extensions.swift */,
			);
			path = Extensions;
			sourceTree = "<group>";
		};
		919CAA422C5E418F003A7327 /* Constants */ = {
			isa = PBXGroup;
			children = (
				919CAA432C5E419C003A7327 /* UI.swift */,
				91761D8C2C601046007E9DD2 /* SortBy.swift */,
				91761D8E2C601086007E9DD2 /* ListType.swift */,
			);
			path = Constants;
			sourceTree = "<group>";
		};
		91BEDD6B2C5A485A000B99F8 = {
			isa = PBXGroup;
			children = (
				91BEDD762C5A485A000B99F8 /* DogsApp */,
				91BEDD752C5A485A000B99F8 /* Products */,
				91BEDD8C2C5A49A5000B99F8 /* Frameworks */,
			);
			sourceTree = "<group>";
		};
		91BEDD752C5A485A000B99F8 /* Products */ = {
			isa = PBXGroup;
			children = (
				91BEDD742C5A485A000B99F8 /* DogsApp.app */,
			);
			name = Products;
			sourceTree = "<group>";
		};
		91BEDD762C5A485A000B99F8 /* DogsApp */ = {
			isa = PBXGroup;
			children = (
				91BEDD772C5A485A000B99F8 /* DogsAppApp.swift */,
				91BEDDA32C5A7526000B99F8 /* ContentView.swift */,
				91BEDD962C5A60E5000B99F8 /* Views */,
				91BEDD972C5A60F9000B99F8 /* Models */,
				91BEDDA52C5A755B000B99F8 /* Service */,
				919CAA422C5E418F003A7327 /* Constants */,
				91761D892C600BFB007E9DD2 /* Extensions */,
				91BEDD852C5A485F000B99F8 /* Modules */,
				91BEDD7B2C5A485B000B99F8 /* Assets.xcassets */,
				91BEDD8A2C5A493A000B99F8 /* generateDogsAPI.sh */,
				91BEDD7D2C5A485B000B99F8 /* Preview Content */,
			);
			path = DogsApp;
			sourceTree = "<group>";
		};
		91BEDD7D2C5A485B000B99F8 /* Preview Content */ = {
			isa = PBXGroup;
			children = (
				91BEDD7E2C5A485B000B99F8 /* Preview Assets.xcassets */,
			);
			path = "Preview Content";
			sourceTree = "<group>";
		};
		91BEDD852C5A485F000B99F8 /* Modules */ = {
			isa = PBXGroup;
			children = (
				91761D842C5E574D007E9DD2 /* DogsAPI */,
			);
			path = Modules;
			sourceTree = "<group>";
		};
		91BEDD8C2C5A49A5000B99F8 /* Frameworks */ = {
			isa = PBXGroup;
			children = (
			);
			name = Frameworks;
			sourceTree = "<group>";
		};
		91BEDD962C5A60E5000B99F8 /* Views */ = {
			isa = PBXGroup;
			children = (
				91BEDD792C5A485A000B99F8 /* BreedsScreen.swift */,
				91BEDD9C2C5A61FA000B99F8 /* BreedCellView.swift */,
				91BEDD9E2C5A6202000B99F8 /* BreedDetailView.swift */,
				91BEDDA92C5ABBB8000B99F8 /* BreedImageView.swift */,
			);
			path = Views;
			sourceTree = "<group>";
		};
		91BEDD972C5A60F9000B99F8 /* Models */ = {
			isa = PBXGroup;
			children = (
				91BEDD982C5A6114000B99F8 /* FetchedBreeds.swift */,
			);
			path = Models;
			sourceTree = "<group>";
		};
		91BEDDA52C5A755B000B99F8 /* Service */ = {
			isa = PBXGroup;
			children = (
				91BEDDA62C5A756A000B99F8 /* Router.swift */,
			);
			path = Service;
			sourceTree = "<group>";
		};
/* End PBXGroup section */

/* Begin PBXNativeTarget section */
		91BEDD732C5A485A000B99F8 /* DogsApp */ = {
			isa = PBXNativeTarget;
			buildConfigurationList = 91BEDD822C5A485B000B99F8 /* Build configuration list for PBXNativeTarget "DogsApp" */;
			buildPhases = (
				91BEDD702C5A485A000B99F8 /* Sources */,
				91BEDD712C5A485A000B99F8 /* Frameworks */,
				91BEDD722C5A485A000B99F8 /* Resources */,
			);
			buildRules = (
			);
			dependencies = (
			);
			name = DogsApp;
			packageProductDependencies = (
				91761D852C5E57B2007E9DD2 /* DogsAPI */,
			);
			productName = DogsApp;
			productReference = 91BEDD742C5A485A000B99F8 /* DogsApp.app */;
			productType = "com.apple.product-type.application";
		};
/* End PBXNativeTarget section */

/* Begin PBXProject section */
		91BEDD6C2C5A485A000B99F8 /* Project object */ = {
			isa = PBXProject;
			attributes = {
				BuildIndependentTargetsInParallel = 1;
				LastSwiftUpdateCheck = 1540;
				LastUpgradeCheck = 1540;
				TargetAttributes = {
					91BEDD732C5A485A000B99F8 = {
						CreatedOnToolsVersion = 15.4;
					};
				};
			};
			buildConfigurationList = 91BEDD6F2C5A485A000B99F8 /* Build configuration list for PBXProject "DogsApp" */;
			compatibilityVersion = "Xcode 14.0";
			developmentRegion = en;
			hasScannedForEncodings = 0;
			knownRegions = (
				en,
				Base,
			);
			mainGroup = 91BEDD6B2C5A485A000B99F8;
			productRefGroup = 91BEDD752C5A485A000B99F8 /* Products */;
			projectDirPath = "";
			projectRoot = "";
			targets = (
				91BEDD732C5A485A000B99F8 /* DogsApp */,
			);
		};
/* End PBXProject section */

/* Begin PBXResourcesBuildPhase section */
		91BEDD722C5A485A000B99F8 /* Resources */ = {
			isa = PBXResourcesBuildPhase;
			buildActionMask = 2147483647;
			files = (
				91BEDD8B2C5A493A000B99F8 /* generateDogsAPI.sh in Resources */,
				91BEDD7F2C5A485B000B99F8 /* Preview Assets.xcassets in Resources */,
				91BEDD7C2C5A485B000B99F8 /* Assets.xcassets in Resources */,
			);
			runOnlyForDeploymentPostprocessing = 0;
		};
/* End PBXResourcesBuildPhase section */

/* Begin PBXSourcesBuildPhase section */
		91BEDD702C5A485A000B99F8 /* Sources */ = {
			isa = PBXSourcesBuildPhase;
			buildActionMask = 2147483647;
			files = (
				91BEDDA72C5A756A000B99F8 /* Router.swift in Sources */,
				91761D8D2C601046007E9DD2 /* SortBy.swift in Sources */,
				91761D8B2C600C0E007E9DD2 /* Array+Extensions.swift in Sources */,
				91761D8F2C601086007E9DD2 /* ListType.swift in Sources */,
				91BEDD7A2C5A485A000B99F8 /* BreedsScreen.swift in Sources */,
				91BEDD992C5A6114000B99F8 /* FetchedBreeds.swift in Sources */,
				91BEDDA42C5A7526000B99F8 /* ContentView.swift in Sources */,
				91BEDD782C5A485A000B99F8 /* DogsAppApp.swift in Sources */,
				91BEDD9D2C5A61FA000B99F8 /* BreedCellView.swift in Sources */,
				91BEDD9F2C5A6202000B99F8 /* BreedDetailView.swift in Sources */,
				91BEDDAA2C5ABBB8000B99F8 /* BreedImageView.swift in Sources */,
				919CAA442C5E419C003A7327 /* UI.swift in Sources */,
			);
			runOnlyForDeploymentPostprocessing = 0;
		};
/* End PBXSourcesBuildPhase section */

/* Begin XCBuildConfiguration section */
		91BEDD802C5A485B000B99F8 /* Debug */ = {
			isa = XCBuildConfiguration;
			buildSettings = {
				ALWAYS_SEARCH_USER_PATHS = NO;
				ASSETCATALOG_COMPILER_GENERATE_SWIFT_ASSET_SYMBOL_EXTENSIONS = YES;
				CLANG_ANALYZER_NONNULL = YES;
				CLANG_ANALYZER_NUMBER_OBJECT_CONVERSION = YES_AGGRESSIVE;
				CLANG_CXX_LANGUAGE_STANDARD = "gnu++20";
				CLANG_ENABLE_MODULES = YES;
				CLANG_ENABLE_OBJC_ARC = YES;
				CLANG_ENABLE_OBJC_WEAK = YES;
				CLANG_WARN_BLOCK_CAPTURE_AUTORELEASING = YES;
				CLANG_WARN_BOOL_CONVERSION = YES;
				CLANG_WARN_COMMA = YES;
				CLANG_WARN_CONSTANT_CONVERSION = YES;
				CLANG_WARN_DEPRECATED_OBJC_IMPLEMENTATIONS = YES;
				CLANG_WARN_DIRECT_OBJC_ISA_USAGE = YES_ERROR;
				CLANG_WARN_DOCUMENTATION_COMMENTS = YES;
				CLANG_WARN_EMPTY_BODY = YES;
				CLANG_WARN_ENUM_CONVERSION = YES;
				CLANG_WARN_INFINITE_RECURSION = YES;
				CLANG_WARN_INT_CONVERSION = YES;
				CLANG_WARN_NON_LITERAL_NULL_CONVERSION = YES;
				CLANG_WARN_OBJC_IMPLICIT_RETAIN_SELF = YES;
				CLANG_WARN_OBJC_LITERAL_CONVERSION = YES;
				CLANG_WARN_OBJC_ROOT_CLASS = YES_ERROR;
				CLANG_WARN_QUOTED_INCLUDE_IN_FRAMEWORK_HEADER = YES;
				CLANG_WARN_RANGE_LOOP_ANALYSIS = YES;
				CLANG_WARN_STRICT_PROTOTYPES = YES;
				CLANG_WARN_SUSPICIOUS_MOVE = YES;
				CLANG_WARN_UNGUARDED_AVAILABILITY = YES_AGGRESSIVE;
				CLANG_WARN_UNREACHABLE_CODE = YES;
				CLANG_WARN__DUPLICATE_METHOD_MATCH = YES;
				COPY_PHASE_STRIP = NO;
				DEBUG_INFORMATION_FORMAT = dwarf;
				ENABLE_STRICT_OBJC_MSGSEND = YES;
				ENABLE_TESTABILITY = YES;
				ENABLE_USER_SCRIPT_SANDBOXING = YES;
				GCC_C_LANGUAGE_STANDARD = gnu17;
				GCC_DYNAMIC_NO_PIC = NO;
				GCC_NO_COMMON_BLOCKS = YES;
				GCC_OPTIMIZATION_LEVEL = 0;
				GCC_PREPROCESSOR_DEFINITIONS = (
					"DEBUG=1",
					"$(inherited)",
				);
				GCC_WARN_64_TO_32_BIT_CONVERSION = YES;
				GCC_WARN_ABOUT_RETURN_TYPE = YES_ERROR;
				GCC_WARN_UNDECLARED_SELECTOR = YES;
				GCC_WARN_UNINITIALIZED_AUTOS = YES_AGGRESSIVE;
				GCC_WARN_UNUSED_FUNCTION = YES;
				GCC_WARN_UNUSED_VARIABLE = YES;
				IPHONEOS_DEPLOYMENT_TARGET = 17.5;
				LOCALIZATION_PREFERS_STRING_CATALOGS = YES;
				MTL_ENABLE_DEBUG_INFO = INCLUDE_SOURCE;
				MTL_FAST_MATH = YES;
				ONLY_ACTIVE_ARCH = YES;
				SDKROOT = iphoneos;
				SWIFT_ACTIVE_COMPILATION_CONDITIONS = "DEBUG $(inherited)";
				SWIFT_OPTIMIZATION_LEVEL = "-Onone";
			};
			name = Debug;
		};
		91BEDD812C5A485B000B99F8 /* Release */ = {
			isa = XCBuildConfiguration;
			buildSettings = {
				ALWAYS_SEARCH_USER_PATHS = NO;
				ASSETCATALOG_COMPILER_GENERATE_SWIFT_ASSET_SYMBOL_EXTENSIONS = YES;
				CLANG_ANALYZER_NONNULL = YES;
				CLANG_ANALYZER_NUMBER_OBJECT_CONVERSION = YES_AGGRESSIVE;
				CLANG_CXX_LANGUAGE_STANDARD = "gnu++20";
				CLANG_ENABLE_MODULES = YES;
				CLANG_ENABLE_OBJC_ARC = YES;
				CLANG_ENABLE_OBJC_WEAK = YES;
				CLANG_WARN_BLOCK_CAPTURE_AUTORELEASING = YES;
				CLANG_WARN_BOOL_CONVERSION = YES;
				CLANG_WARN_COMMA = YES;
				CLANG_WARN_CONSTANT_CONVERSION = YES;
				CLANG_WARN_DEPRECATED_OBJC_IMPLEMENTATIONS = YES;
				CLANG_WARN_DIRECT_OBJC_ISA_USAGE = YES_ERROR;
				CLANG_WARN_DOCUMENTATION_COMMENTS = YES;
				CLANG_WARN_EMPTY_BODY = YES;
				CLANG_WARN_ENUM_CONVERSION = YES;
				CLANG_WARN_INFINITE_RECURSION = YES;
				CLANG_WARN_INT_CONVERSION = YES;
				CLANG_WARN_NON_LITERAL_NULL_CONVERSION = YES;
				CLANG_WARN_OBJC_IMPLICIT_RETAIN_SELF = YES;
				CLANG_WARN_OBJC_LITERAL_CONVERSION = YES;
				CLANG_WARN_OBJC_ROOT_CLASS = YES_ERROR;
				CLANG_WARN_QUOTED_INCLUDE_IN_FRAMEWORK_HEADER = YES;
				CLANG_WARN_RANGE_LOOP_ANALYSIS = YES;
				CLANG_WARN_STRICT_PROTOTYPES = YES;
				CLANG_WARN_SUSPICIOUS_MOVE = YES;
				CLANG_WARN_UNGUARDED_AVAILABILITY = YES_AGGRESSIVE;
				CLANG_WARN_UNREACHABLE_CODE = YES;
				CLANG_WARN__DUPLICATE_METHOD_MATCH = YES;
				COPY_PHASE_STRIP = NO;
				DEBUG_INFORMATION_FORMAT = "dwarf-with-dsym";
				ENABLE_NS_ASSERTIONS = NO;
				ENABLE_STRICT_OBJC_MSGSEND = YES;
				ENABLE_USER_SCRIPT_SANDBOXING = YES;
				GCC_C_LANGUAGE_STANDARD = gnu17;
				GCC_NO_COMMON_BLOCKS = YES;
				GCC_WARN_64_TO_32_BIT_CONVERSION = YES;
				GCC_WARN_ABOUT_RETURN_TYPE = YES_ERROR;
				GCC_WARN_UNDECLARED_SELECTOR = YES;
				GCC_WARN_UNINITIALIZED_AUTOS = YES_AGGRESSIVE;
				GCC_WARN_UNUSED_FUNCTION = YES;
				GCC_WARN_UNUSED_VARIABLE = YES;
				IPHONEOS_DEPLOYMENT_TARGET = 17.5;
				LOCALIZATION_PREFERS_STRING_CATALOGS = YES;
				MTL_ENABLE_DEBUG_INFO = NO;
				MTL_FAST_MATH = YES;
				SDKROOT = iphoneos;
				SWIFT_COMPILATION_MODE = wholemodule;
				VALIDATE_PRODUCT = YES;
			};
			name = Release;
		};
		91BEDD832C5A485B000B99F8 /* Debug */ = {
			isa = XCBuildConfiguration;
			buildSettings = {
				ASSETCATALOG_COMPILER_APPICON_NAME = AppIcon;
				ASSETCATALOG_COMPILER_GLOBAL_ACCENT_COLOR_NAME = AccentColor;
				CODE_SIGN_STYLE = Automatic;
				CURRENT_PROJECT_VERSION = 1;
				DEVELOPMENT_ASSET_PATHS = "\"DogsApp/Preview Content\"";
				DEVELOPMENT_TEAM = 93HP7KN2HJ;
				ENABLE_PREVIEWS = YES;
				GENERATE_INFOPLIST_FILE = YES;
				INFOPLIST_KEY_UIApplicationSceneManifest_Generation = YES;
				INFOPLIST_KEY_UIApplicationSupportsIndirectInputEvents = YES;
				INFOPLIST_KEY_UILaunchScreen_Generation = YES;
				INFOPLIST_KEY_UISupportedInterfaceOrientations_iPad = "UIInterfaceOrientationPortrait UIInterfaceOrientationPortraitUpsideDown UIInterfaceOrientationLandscapeLeft UIInterfaceOrientationLandscapeRight";
				INFOPLIST_KEY_UISupportedInterfaceOrientations_iPhone = "UIInterfaceOrientationPortrait UIInterfaceOrientationLandscapeLeft UIInterfaceOrientationLandscapeRight";
				LD_RUNPATH_SEARCH_PATHS = (
					"$(inherited)",
					"@executable_path/Frameworks",
				);
				MARKETING_VERSION = 1.0;
				PRODUCT_BUNDLE_IDENTIFIER = com.pamapp.DogsApp;
				PRODUCT_NAME = "$(TARGET_NAME)";
				SWIFT_EMIT_LOC_STRINGS = YES;
				SWIFT_VERSION = 5.0;
				TARGETED_DEVICE_FAMILY = "1,2";
			};
			name = Debug;
		};
		91BEDD842C5A485B000B99F8 /* Release */ = {
			isa = XCBuildConfiguration;
			buildSettings = {
				ASSETCATALOG_COMPILER_APPICON_NAME = AppIcon;
				ASSETCATALOG_COMPILER_GLOBAL_ACCENT_COLOR_NAME = AccentColor;
				CODE_SIGN_STYLE = Automatic;
				CURRENT_PROJECT_VERSION = 1;
				DEVELOPMENT_ASSET_PATHS = "\"DogsApp/Preview Content\"";
				DEVELOPMENT_TEAM = 93HP7KN2HJ;
				ENABLE_PREVIEWS = YES;
				GENERATE_INFOPLIST_FILE = YES;
				INFOPLIST_KEY_UIApplicationSceneManifest_Generation = YES;
				INFOPLIST_KEY_UIApplicationSupportsIndirectInputEvents = YES;
				INFOPLIST_KEY_UILaunchScreen_Generation = YES;
				INFOPLIST_KEY_UISupportedInterfaceOrientations_iPad = "UIInterfaceOrientationPortrait UIInterfaceOrientationPortraitUpsideDown UIInterfaceOrientationLandscapeLeft UIInterfaceOrientationLandscapeRight";
				INFOPLIST_KEY_UISupportedInterfaceOrientations_iPhone = "UIInterfaceOrientationPortrait UIInterfaceOrientationLandscapeLeft UIInterfaceOrientationLandscapeRight";
				LD_RUNPATH_SEARCH_PATHS = (
					"$(inherited)",
					"@executable_path/Frameworks",
				);
				MARKETING_VERSION = 1.0;
				PRODUCT_BUNDLE_IDENTIFIER = com.pamapp.DogsApp;
				PRODUCT_NAME = "$(TARGET_NAME)";
				SWIFT_EMIT_LOC_STRINGS = YES;
				SWIFT_VERSION = 5.0;
				TARGETED_DEVICE_FAMILY = "1,2";
			};
			name = Release;
		};
/* End XCBuildConfiguration section */

/* Begin XCConfigurationList section */
		91BEDD6F2C5A485A000B99F8 /* Build configuration list for PBXProject "DogsApp" */ = {
			isa = XCConfigurationList;
			buildConfigurations = (
				91BEDD802C5A485B000B99F8 /* Debug */,
				91BEDD812C5A485B000B99F8 /* Release */,
			);
			defaultConfigurationIsVisible = 0;
			defaultConfigurationName = Release;
		};
		91BEDD822C5A485B000B99F8 /* Build configuration list for PBXNativeTarget "DogsApp" */ = {
			isa = XCConfigurationList;
			buildConfigurations = (
				91BEDD832C5A485B000B99F8 /* Debug */,
				91BEDD842C5A485B000B99F8 /* Release */,
			);
			defaultConfigurationIsVisible = 0;
			defaultConfigurationName = Release;
		};
/* End XCConfigurationList section */

/* Begin XCSwiftPackageProductDependency section */
		91761D852C5E57B2007E9DD2 /* DogsAPI */ = {
			isa = XCSwiftPackageProductDependency;
			productName = DogsAPI;
		};
/* End XCSwiftPackageProductDependency section */
	};
	rootObject = 91BEDD6C2C5A485A000B99F8 /* Project object */;
}
